
Microsoft Visual Studio Solution File, Format Version 12.00
# Visual Studio 15
Project("{FAE04EC0-301F-11D3-BF4B-00C04F79EFBC}") = "Assembly-CSharp", "Assembly-CSharp.csproj", "{0CA77407-9B74-40BA-A132-C313CF23A696}"
EndProject
Project("{FAE04EC0-301F-11D3-BF4B-00C04F79EFBC}") = "Unity.2D.Tilemap.Extras", "Unity.2D.Tilemap.Extras.csproj", "{7C679FBB-6728-B5B3-163D-25942C343864}"
EndProject
Project("{FAE04EC0-301F-11D3-BF4B-00C04F79EFBC}") = "Unity.2D.Tilemap.Extras.Editor", "Unity.2D.Tilemap.Extras.Editor.csproj", "{EBB5C157-0D54-E106-1D25-526C03450B4A}"
EndProject
Project("{FAE04EC0-301F-11D3-BF4B-00C04F79EFBC}") = "Unity.2D.Tilemap.Extras.Placeholder.EditorTests", "Unity.2D.Tilemap.Extras.Placeholder.EditorTests.csproj", "{17A51FAF-0EC3-9844-CF7C-30AF95CD7824}"
EndProject
Global
	GlobalSection(SolutionConfigurationPlatforms) = preSolution
		Debug|Any CPU = Debug|Any CPU
		Release|Any CPU = Release|Any CPU
	EndGlobalSection
	GlobalSection(ProjectConfigurationPlatforms) = postSolution
		{0CA77407-9B74-40BA-A132-C313CF23A696}.Debug|Any CPU.ActiveCfg = Debug|Any CPU
		{0CA77407-9B74-40BA-A132-C313CF23A696}.Debug|Any CPU.Build.0 = Debug|Any CPU
		{0CA77407-9B74-40BA-A132-C313CF23A696}.Release|Any CPU.ActiveCfg = Release|Any CPU
		{0CA77407-9B74-40BA-A132-C313CF23A696}.Release|Any CPU.Build.0 = Release|Any CPU
		{7C679FBB-6728-B5B3-163D-25942C343864}.Debug|Any CPU.ActiveCfg = Debug|Any CPU
		{7C679FBB-6728-B5B3-163D-25942C343864}.Debug|Any CPU.Build.0 = Debug|Any CPU
		{7C679FBB-6728-B5B3-163D-25942C343864}.Release|Any CPU.ActiveCfg = Release|Any CPU
		{7C679FBB-6728-B5B3-163D-25942C343864}.Release|Any CPU.Build.0 = Release|Any CPU
		{EBB5C157-0D54-E106-1D25-526C03450B4A}.Debug|Any CPU.ActiveCfg = Debug|Any CPU
		{EBB5C157-0D54-E106-1D25-526C03450B4A}.Debug|Any CPU.Build.0 = Debug|Any CPU
		{EBB5C157-0D54-E106-1D25-526C03450B4A}.Release|Any CPU.ActiveCfg = Release|Any CPU
		{EBB5C157-0D54-E106-1D25-526C03450B4A}.Release|Any CPU.Build.0 = Release|Any CPU
		{17A51FAF-0EC3-9844-CF7C-30AF95CD7824}.Debug|Any CPU.ActiveCfg = Debug|Any CPU
		{17A51FAF-0EC3-9844-CF7C-30AF95CD7824}.Debug|Any CPU.Build.0 = Debug|Any CPU
		{17A51FAF-0EC3-9844-CF7C-30AF95CD7824}.Release|Any CPU.ActiveCfg = Release|Any CPU
		{17A51FAF-0EC3-9844-CF7C-30AF95CD7824}.Release|Any CPU.Build.0 = Release|Any CPU
	EndGlobalSection
	GlobalSection(SolutionProperties) = preSolution
		HideSolutionNode = FALSE
	EndGlobalSection
EndGlobal
